
Microsoft Visual Studio Solution File, Format Version 12.00
# Visual Studio Version 17
VisualStudioVersion = 17.14.36221.1 d17.14
MinimumVisualStudioVersion = 10.0.40219.1
Project("{FAE04EC0-301F-11D3-BF4B-00C04F79EFBC}") = "code", "code.csproj", "{648A9C4F-1509-4460-9310-A7F1B76C28B4}"
EndProject
Project("{FAE04EC0-301F-11D3-BF4B-00C04F79EFBC}") = "AccountsManagerLib", "..\..\..\..\Deepskilling\NUnit and Moq\Parent project code\Parent project code\AccountsManagerLib\AccountsManagerLib\AccountsManagerLib.csproj", "{69F6B8E8-3E32-4E32-AC3F-D92781775C30}"
EndProject
Global
	GlobalSection(SolutionConfigurationPlatforms) = preSolution
		Debug|Any CPU = Debug|Any CPU
		Release|Any CPU = Release|Any CPU
	EndGlobalSection
	GlobalSection(ProjectConfigurationPlatforms) = postSolution
		{648A9C4F-1509-4460-9310-A7F1B76C28B4}.Debug|Any CPU.ActiveCfg = Debug|Any CPU
		{648A9C4F-1509-4460-9310-A7F1B76C28B4}.Debug|Any CPU.Build.0 = Debug|Any CPU
		{648A9C4F-1509-4460-9310-A7F1B76C28B4}.Release|Any CPU.ActiveCfg = Release|Any CPU
		{648A9C4F-1509-4460-9310-A7F1B76C28B4}.Release|Any CPU.Build.0 = Release|Any CPU
		{69F6B8E8-3E32-4E32-AC3F-D92781775C30}.Debug|Any CPU.ActiveCfg = Debug|Any CPU
		{69F6B8E8-3E32-4E32-AC3F-D92781775C30}.Debug|Any CPU.Build.0 = Debug|Any CPU
		{69F6B8E8-3E32-4E32-AC3F-D92781775C30}.Release|Any CPU.ActiveCfg = Release|Any CPU
		{69F6B8E8-3E32-4E32-AC3F-D92781775C30}.Release|Any CPU.Build.0 = Release|Any CPU
	EndGlobalSection
	GlobalSection(SolutionProperties) = preSolution
		HideSolutionNode = FALSE
	EndGlobalSection
	GlobalSection(ExtensibilityGlobals) = postSolution
		SolutionGuid = {888619AE-0FF5-4178-B77B-6646AF1E085E}
	EndGlobalSection
EndGlobal
