
Microsoft Visual Studio Solution File, Format Version 12.00
# Visual Studio Version 17
VisualStudioVersion = 17.14.36221.1 d17.14
MinimumVisualStudioVersion = 10.0.40219.1
Project("{FAE04EC0-301F-11D3-BF4B-00C04F79EFBC}") = "EmployeeCrudApi", "EmployeeCrudApi.csproj", "{4FA46A35-DCBF-49D8-AA0C-20ADFDF2B07F}"
EndProject
Global
	GlobalSection(SolutionConfigurationPlatforms) = preSolution
		Debug|Any CPU = Debug|Any CPU
		Release|Any CPU = Release|Any CPU
	EndGlobalSection
	GlobalSection(ProjectConfigurationPlatforms) = postSolution
		{4FA46A35-DCBF-49D8-AA0C-20ADFDF2B07F}.Debug|Any CPU.ActiveCfg = Debug|Any CPU
		{4FA46A35-DCBF-49D8-AA0C-20ADFDF2B07F}.Debug|Any CPU.Build.0 = Debug|Any CPU
		{4FA46A35-DCBF-49D8-AA0C-20ADFDF2B07F}.Release|Any CPU.ActiveCfg = Release|Any CPU
		{4FA46A35-DCBF-49D8-AA0C-20ADFDF2B07F}.Release|Any CPU.Build.0 = Release|Any CPU
	EndGlobalSection
	GlobalSection(SolutionProperties) = preSolution
		HideSolutionNode = FALSE
	EndGlobalSection
	GlobalSection(ExtensibilityGlobals) = postSolution
		SolutionGuid = {3BEE0CE4-8D61-4E44-8931-70A2A0A6B9CB}
	EndGlobalSection
EndGlobal
